
Microsoft Visual Studio Solution File, Format Version 12.00
# Visual Studio Version 16
VisualStudioVersion = 16.0.29201.188
MinimumVisualStudioVersion = 10.0.40219.1
Project("{FAE04EC0-301F-11D3-BF4B-00C04F79EFBC}") = "Monopoly", "Monopoly\Monopoly.csproj", "{8B8DC751-F5B2-4AC7-A32C-D28056CAD760}"
EndProject
Global
	GlobalSection(SolutionConfigurationPlatforms) = preSolution
		Debug|Any CPU = Debug|Any CPU
		Release|Any CPU = Release|Any CPU
	EndGlobalSection
	GlobalSection(ProjectConfigurationPlatforms) = postSolution
		{8B8DC751-F5B2-4AC7-A32C-D28056CAD760}.Debug|Any CPU.ActiveCfg = Debug|Any CPU
		{8B8DC751-F5B2-4AC7-A32C-D28056CAD760}.Debug|Any CPU.Build.0 = Debug|Any CPU
		{8B8DC751-F5B2-4AC7-A32C-D28056CAD760}.Release|Any CPU.ActiveCfg = Release|Any CPU
		{8B8DC751-F5B2-4AC7-A32C-D28056CAD760}.Release|Any CPU.Build.0 = Release|Any CPU
	EndGlobalSection
	GlobalSection(SolutionProperties) = preSolution
		HideSolutionNode = FALSE
	EndGlobalSection
	GlobalSection(ExtensibilityGlobals) = postSolution
		SolutionGuid = {78A97EA6-FDBC-44A6-8C73-344580F89C9E}
	EndGlobalSection
EndGlobal
